
Microsoft Visual Studio Solution File, Format Version 12.00
# Visual Studio Version 16
VisualStudioVersion = 16.0.31624.102
MinimumVisualStudioVersion = 10.0.40219.1
Project("{FAE04EC0-301F-11D3-BF4B-00C04F79EFBC}") = "WebAPI_Employee", "WebAPI_Employee\WebAPI_Employee.csproj", "{F33A3B6A-41FD-442D-B889-4480B4C64E26}"
EndProject
Global
	GlobalSection(SolutionConfigurationPlatforms) = preSolution
		Debug|Any CPU = Debug|Any CPU
		Release|Any CPU = Release|Any CPU
	EndGlobalSection
	GlobalSection(ProjectConfigurationPlatforms) = postSolution
		{F33A3B6A-41FD-442D-B889-4480B4C64E26}.Debug|Any CPU.ActiveCfg = Debug|Any CPU
		{F33A3B6A-41FD-442D-B889-4480B4C64E26}.Debug|Any CPU.Build.0 = Debug|Any CPU
		{F33A3B6A-41FD-442D-B889-4480B4C64E26}.Release|Any CPU.ActiveCfg = Release|Any CPU
		{F33A3B6A-41FD-442D-B889-4480B4C64E26}.Release|Any CPU.Build.0 = Release|Any CPU
	EndGlobalSection
	GlobalSection(SolutionProperties) = preSolution
		HideSolutionNode = FALSE
	EndGlobalSection
	GlobalSection(ExtensibilityGlobals) = postSolution
		SolutionGuid = {8F0A63F4-7099-4A27-BF16-1FA54A1C16B5}
	EndGlobalSection
EndGlobal
